
Microsoft Visual Studio Solution File, Format Version 12.00
# Visual Studio 2012
Project("{FAE04EC0-301F-11D3-BF4B-00C04F79EFBC}") = "MangAppClient.Core", "MangAppClient.Core\MangAppClient.Core.csproj", "{B00E5D2B-D36E-419F-9B5F-A0850203E161}"
EndProject
Project("{FAE04EC0-301F-11D3-BF4B-00C04F79EFBC}") = "MangAppClient", "MangAppClient\MangAppClient.csproj", "{EA1F428D-9D24-478D-8E50-E974F44F255A}"
EndProject
Global
	GlobalSection(SolutionConfigurationPlatforms) = preSolution
		Debug|ARM = Debug|ARM
		Debug|x64 = Debug|x64
		Debug|x86 = Debug|x86
		Release|ARM = Release|ARM
		Release|x64 = Release|x64
		Release|x86 = Release|x86
	EndGlobalSection
	GlobalSection(ProjectConfigurationPlatforms) = postSolution
		{B00E5D2B-D36E-419F-9B5F-A0850203E161}.Debug|ARM.ActiveCfg = Debug|ARM
		{B00E5D2B-D36E-419F-9B5F-A0850203E161}.Debug|ARM.Build.0 = Debug|ARM
		{B00E5D2B-D36E-419F-9B5F-A0850203E161}.Debug|x64.ActiveCfg = Debug|x64
		{B00E5D2B-D36E-419F-9B5F-A0850203E161}.Debug|x64.Build.0 = Debug|x64
		{B00E5D2B-D36E-419F-9B5F-A0850203E161}.Debug|x86.ActiveCfg = Debug|x86
		{B00E5D2B-D36E-419F-9B5F-A0850203E161}.Debug|x86.Build.0 = Debug|x86
		{B00E5D2B-D36E-419F-9B5F-A0850203E161}.Release|ARM.ActiveCfg = Release|ARM
		{B00E5D2B-D36E-419F-9B5F-A0850203E161}.Release|ARM.Build.0 = Release|ARM
		{B00E5D2B-D36E-419F-9B5F-A0850203E161}.Release|x64.ActiveCfg = Release|x64
		{B00E5D2B-D36E-419F-9B5F-A0850203E161}.Release|x64.Build.0 = Release|x64
		{B00E5D2B-D36E-419F-9B5F-A0850203E161}.Release|x86.ActiveCfg = Release|x86
		{B00E5D2B-D36E-419F-9B5F-A0850203E161}.Release|x86.Build.0 = Release|x86
		{EA1F428D-9D24-478D-8E50-E974F44F255A}.Debug|ARM.ActiveCfg = Debug|ARM
		{EA1F428D-9D24-478D-8E50-E974F44F255A}.Debug|ARM.Build.0 = Debug|ARM
		{EA1F428D-9D24-478D-8E50-E974F44F255A}.Debug|ARM.Deploy.0 = Debug|ARM
		{EA1F428D-9D24-478D-8E50-E974F44F255A}.Debug|x64.ActiveCfg = Debug|x64
		{EA1F428D-9D24-478D-8E50-E974F44F255A}.Debug|x64.Build.0 = Debug|x64
		{EA1F428D-9D24-478D-8E50-E974F44F255A}.Debug|x64.Deploy.0 = Debug|x64
		{EA1F428D-9D24-478D-8E50-E974F44F255A}.Debug|x86.ActiveCfg = Debug|x86
		{EA1F428D-9D24-478D-8E50-E974F44F255A}.Debug|x86.Build.0 = Debug|x86
		{EA1F428D-9D24-478D-8E50-E974F44F255A}.Debug|x86.Deploy.0 = Debug|x86
		{EA1F428D-9D24-478D-8E50-E974F44F255A}.Release|ARM.ActiveCfg = Release|ARM
		{EA1F428D-9D24-478D-8E50-E974F44F255A}.Release|ARM.Build.0 = Release|ARM
		{EA1F428D-9D24-478D-8E50-E974F44F255A}.Release|ARM.Deploy.0 = Release|ARM
		{EA1F428D-9D24-478D-8E50-E974F44F255A}.Release|x64.ActiveCfg = Release|x64
		{EA1F428D-9D24-478D-8E50-E974F44F255A}.Release|x64.Build.0 = Release|x64
		{EA1F428D-9D24-478D-8E50-E974F44F255A}.Release|x64.Deploy.0 = Release|x64
		{EA1F428D-9D24-478D-8E50-E974F44F255A}.Release|x86.ActiveCfg = Release|x86
		{EA1F428D-9D24-478D-8E50-E974F44F255A}.Release|x86.Build.0 = Release|x86
		{EA1F428D-9D24-478D-8E50-E974F44F255A}.Release|x86.Deploy.0 = Release|x86
	EndGlobalSection
	GlobalSection(SolutionProperties) = preSolution
		HideSolutionNode = FALSE
	EndGlobalSection
EndGlobal
